
Microsoft Visual Studio Solution File, Format Version 12.00
# Visual Studio Version 16
VisualStudioVersion = 16.0.32228.343
MinimumVisualStudioVersion = 10.0.40219.1
Project("{2150E333-8FDC-42A3-9474-1A3956D46DE8}") = "Application", "Application", "{6DC3959B-225D-480C-9FB8-36899723DBA1}"
EndProject
Project("{2150E333-8FDC-42A3-9474-1A3956D46DE8}") = "Domain", "Domain", "{B550D990-17D9-49DF-867F-6A036E038B64}"
EndProject
Project("{2150E333-8FDC-42A3-9474-1A3956D46DE8}") = "Infra.Data", "Infra.Data", "{94601C3B-A815-4BB5-A105-78EEB25D4783}"
EndProject
Project("{2150E333-8FDC-42A3-9474-1A3956D46DE8}") = "IoC", "IoC", "{81CC7D69-DBC4-4758-93C8-9C10D7F90E51}"
EndProject
Project("{2150E333-8FDC-42A3-9474-1A3956D46DE8}") = "Presentation", "Presentation", "{DE601E27-CBE8-4AB3-A50D-5028BBE407C6}"
EndProject
Project("{9A19103F-16F7-4668-BE54-9A1E7A4F7556}") = "CleanArch.Mvc", "CleanArch.Mvc\CleanArch.Mvc.csproj", "{AC20FA03-0C93-43B0-A525-EA321FE4B789}"
EndProject
Project("{FAE04EC0-301F-11D3-BF4B-00C04F79EFBC}") = "CleanArch.Domains", "CleanArch.Domains\CleanArch.Domains.csproj", "{DF12DC76-FD85-4D72-AF90-A8BA3C4F0BF8}"
EndProject
Global
	GlobalSection(SolutionConfigurationPlatforms) = preSolution
		Debug|Any CPU = Debug|Any CPU
		Release|Any CPU = Release|Any CPU
	EndGlobalSection
	GlobalSection(ProjectConfigurationPlatforms) = postSolution
		{AC20FA03-0C93-43B0-A525-EA321FE4B789}.Debug|Any CPU.ActiveCfg = Debug|Any CPU
		{AC20FA03-0C93-43B0-A525-EA321FE4B789}.Debug|Any CPU.Build.0 = Debug|Any CPU
		{AC20FA03-0C93-43B0-A525-EA321FE4B789}.Release|Any CPU.ActiveCfg = Release|Any CPU
		{AC20FA03-0C93-43B0-A525-EA321FE4B789}.Release|Any CPU.Build.0 = Release|Any CPU
		{DF12DC76-FD85-4D72-AF90-A8BA3C4F0BF8}.Debug|Any CPU.ActiveCfg = Debug|Any CPU
		{DF12DC76-FD85-4D72-AF90-A8BA3C4F0BF8}.Debug|Any CPU.Build.0 = Debug|Any CPU
		{DF12DC76-FD85-4D72-AF90-A8BA3C4F0BF8}.Release|Any CPU.ActiveCfg = Release|Any CPU
		{DF12DC76-FD85-4D72-AF90-A8BA3C4F0BF8}.Release|Any CPU.Build.0 = Release|Any CPU
	EndGlobalSection
	GlobalSection(SolutionProperties) = preSolution
		HideSolutionNode = FALSE
	EndGlobalSection
	GlobalSection(NestedProjects) = preSolution
		{AC20FA03-0C93-43B0-A525-EA321FE4B789} = {DE601E27-CBE8-4AB3-A50D-5028BBE407C6}
		{DF12DC76-FD85-4D72-AF90-A8BA3C4F0BF8} = {B550D990-17D9-49DF-867F-6A036E038B64}
	EndGlobalSection
	GlobalSection(ExtensibilityGlobals) = postSolution
		SolutionGuid = {DA2BEDC4-945C-411B-9F14-513C2D8CDCAC}
	EndGlobalSection
EndGlobal
